<?xml version="1.0" encoding="utf-8"?>
<Project ToolsVersion="12.0" xmlns="http://schemas.microsoft.com/developer/msbuild/2003">
  <ItemGroup>
    <CLCompile Include="$(MSBuildThisFileDirectory)App.xaml.cpp" />
    <ClInclude Include="$(MSBuildThisFileDirectory)App.xaml.h" />
    <CLCompile Include="$(MSBuildThisFileDirectory)pch.cpp" />
    <ClInclude Include="$(MSBuildThisFileDirectory)pch.h" />
    <ClCompile Include="$(MSBuildThisFileDirectory)..\..\Classes\AppDelegate.cpp">
      <Filter>Classes</Filter>
    </ClCompile>
    <ClCompile Include="$(MSBuildThisFileDirectory)Cocos2dRenderer.cpp" />
    <ClCompile Include="$(MSBuildThisFileDirectory)OpenGLES.cpp" />
    <ClCompile Include="$(MSBuildThisFileDirectory)OpenGLESPage.xaml.cpp" />
    <ClCompile Include="$(MSBuildThisFileDirectory)..\..\..\..\extensions\ext\LuaExtension.cpp">
      <Filter>Classes\ext</Filter>
    </ClCompile>
    <ClCompile Include="$(MSBuildThisFileDirectory)..\..\..\..\extensions\winrt\common\RTCommonUtils.cpp">
      <Filter>Classes\ext\common</Filter>
    </ClCompile>
    <ClCompile Include="$(MSBuildThisFileDirectory)..\..\..\..\extensions\winrt\WinRTHelper.cpp">
      <Filter>Classes</Filter>
    </ClCompile>
    <ClCompile Include="$(MSBuildThisFileDirectory)..\..\..\..\extensions\winrt\io\RTFileOperation.cpp">
      <Filter>Classes\ext\io</Filter>
    </ClCompile>
    <ClCompile Include="$(MSBuildThisFileDirectory)..\..\..\..\extensions\ext\sysmail\ext_sysmail.cpp">
      <Filter>Classes\ext\sysmail</Filter>
    </ClCompile>
    <ClCompile Include="$(MSBuildThisFileDirectory)..\..\..\..\extensions\ext\sysmail\SysmailWinRT.cpp">
      <Filter>Classes\ext\sysmail</Filter>
    </ClCompile>
    <ClCompile Include="$(MSBuildThisFileDirectory)..\..\..\..\extensions\ext\LocalNotification\ext_local_push.cpp">
      <Filter>Classes\ext\LocalNotification</Filter>
    </ClCompile>
    <ClCompile Include="$(MSBuildThisFileDirectory)..\..\..\..\extensions\ext\LocalNotification\LocalNotificationWinRT.cpp">
      <Filter>Classes\ext\LocalNotification</Filter>
    </ClCompile>
  </ItemGroup>
  <ItemGroup>
    <ApplicationDefinition Include="$(MSBuildThisFileDirectory)App.xaml" />
  </ItemGroup>
  <ItemGroup>
    <Filter Include="Classes">
      <UniqueIdentifier>{38ad799c-8c3c-44a2-8e41-516c8f62f556}</UniqueIdentifier>
    </Filter>
    <Filter Include="Classes\ext">
      <UniqueIdentifier>{32c73696-0c4b-4140-81a9-44c03c25bbd9}</UniqueIdentifier>
    </Filter>
    <Filter Include="Classes\ext\common">
      <UniqueIdentifier>{e9fa4130-a85c-4ad8-9fc0-f4178f2d42d0}</UniqueIdentifier>
    </Filter>
    <Filter Include="Classes\ext\io">
      <UniqueIdentifier>{247fd30c-47a0-487f-b35b-a4dda47e4c53}</UniqueIdentifier>
    </Filter>
    <Filter Include="Classes\ext\sysmail">
      <UniqueIdentifier>{7d14e888-521d-4fb3-91f1-3cda7c46b2c0}</UniqueIdentifier>
    </Filter>
    <Filter Include="Classes\ext\LocalNotification">
      <UniqueIdentifier>{e0792490-6b56-4375-909b-27726caefbca}</UniqueIdentifier>
    </Filter>
    <Filter Include="Strings">
      <UniqueIdentifier>{2dc2d35c-d2bd-4c49-9279-e15a98f2739a}</UniqueIdentifier>
    </Filter>
    <Filter Include="Strings\en-US">
      <UniqueIdentifier>{f6a7d550-fb0e-4a5a-afb1-a20c963b20dc}</UniqueIdentifier>
    </Filter>
    <Filter Include="Strings\zh-Hans-CN">
      <UniqueIdentifier>{bff6d437-c3a7-4d74-a45b-be9d6e1597a4}</UniqueIdentifier>
    </Filter>
    <Filter Include="Strings\zh-Hant-TW">
      <UniqueIdentifier>{e4fb5a78-791c-4ff3-ad6c-9bdf2e341474}</UniqueIdentifier>
    </Filter>
  </ItemGroup>
  <ItemGroup>
    <ClInclude Include="$(MSBuildThisFileDirectory)..\..\Classes\AppDelegate.h">
      <Filter>Classes</Filter>
    </ClInclude>
    <ClInclude Include="$(MSBuildThisFileDirectory)OpenGLES.h" />
    <ClInclude Include="$(MSBuildThisFileDirectory)OpenGLESPage.xaml.h" />
    <ClInclude Include="$(MSBuildThisFileDirectory)..\..\..\..\extensions\ext\LuaExtension.h">
      <Filter>Classes\ext</Filter>
    </ClInclude>
    <ClInclude Include="$(MSBuildThisFileDirectory)..\..\..\..\extensions\winrt\common\RTCommonUtils.h">
      <Filter>Classes\ext\common</Filter>
    </ClInclude>
    <ClInclude Include="$(MSBuildThisFileDirectory)..\..\..\..\extensions\winrt\WinRTHelper.h">
      <Filter>Classes</Filter>
    </ClInclude>
    <ClInclude Include="$(MSBuildThisFileDirectory)..\..\..\..\extensions\winrt\io\RTFileOperation.h">
      <Filter>Classes\ext\io</Filter>
    </ClInclude>
    <ClInclude Include="$(MSBuildThisFileDirectory)..\..\..\..\extensions\ext\sysmail\ext_sysmail.h">
      <Filter>Classes\ext\sysmail</Filter>
    </ClInclude>
    <ClInclude Include="$(MSBuildThisFileDirectory)..\..\..\..\extensions\ext\sysmail\SysmailWinRT.h">
      <Filter>Classes\ext\sysmail</Filter>
    </ClInclude>
    <ClInclude Include="$(MSBuildThisFileDirectory)..\..\..\..\extensions\ext\LocalNotification\ext_local_push.h">
      <Filter>Classes\ext\LocalNotification</Filter>
    </ClInclude>
    <ClInclude Include="$(MSBuildThisFileDirectory)..\..\..\..\extensions\ext\LocalNotification\LocalNotificationWinRT.h">
      <Filter>Classes\ext\LocalNotification</Filter>
    </ClInclude>
  </ItemGroup>
  <ItemGroup>
    <Page Include="$(MSBuildThisFileDirectory)OpenGLESPage.xaml" />
  </ItemGroup>
  <ItemGroup>
    <PRIResource Include="$(MSBuildThisFileDirectory)Strings\en-US\Resources.resw">
      <Filter>Strings\en-US</Filter>
    </PRIResource>
    <PRIResource Include="$(MSBuildThisFileDirectory)Strings\zh-Hans-CN\Resources.resw">
      <Filter>Strings\zh-Hans-CN</Filter>
    </PRIResource>
    <PRIResource Include="$(MSBuildThisFileDirectory)Strings\zh-Hant-TW\Resources.resw">
      <Filter>Strings\zh-Hant-TW</Filter>
    </PRIResource>
  </ItemGroup>
</Project>