
Microsoft Visual Studio Solution File, Format Version 12.00
# Visual Studio 14
VisualStudioVersion = 14.0.24720.0
MinimumVisualStudioVersion = 10.0.40219.1
Project("{2150E333-8FDC-42A3-9474-1A3956D46DE8}") = "External", "External", "{B2F1FF1B-005C-490E-999E-17BD4B720B5C}"
EndProject
Project("{8BC9CEB8-8B4A-11D0-8D11-00A0C91BC942}") = "libbox2d", "..\..\cocos2d-x\external\Box2D\proj-win10\libbox2d.vcxproj", "{0C32D479-46D5-46C3-9AA9-0A8FF8320516}"
EndProject
Project("{8BC9CEB8-8B4A-11D0-8D11-00A0C91BC942}") = "libSpine", "..\..\cocos2d-x\cocos\editor-support\spine\proj.win10\libSpine.vcxproj", "{4B3BA10A-941F-4E08-8A50-8A7FCB822BB8}"
EndProject
Project("{8BC9CEB8-8B4A-11D0-8D11-00A0C91BC942}") = "libcocos2d", "..\..\cocos2d-x\cocos\2d\libcocos2d_win10\libcocos2d.vcxproj", "{07C2895D-720C-487D-B7B4-12C293EA533F}"
EndProject
Project("{8BC9CEB8-8B4A-11D0-8D11-00A0C91BC942}") = "Dragonfall", "App\Dragonfall.vcxproj", "{187D3E60-961A-41EE-BC18-C510A431D22E}"
EndProject
Project("{8BC9CEB8-8B4A-11D0-8D11-00A0C91BC942}") = "libLua", "..\..\cocos2d-x\cocos\scripting\lua-bindings\proj.win10\LibLua\LibLua.vcxproj", "{114616F0-E33C-43E6-8790-DFECF312B0FC}"
EndProject
Project("{8BC9CEB8-8B4A-11D0-8D11-00A0C91BC942}") = "quick_libs", "..\..\cocos2d-x\cocos\quick_libs\proj.win10\quick_libs\quick_libs.vcxproj", "{76C21250-C4C0-46D7-8035-AACDF0F84CF3}"
EndProject
Global
	GlobalSection(SolutionConfigurationPlatforms) = preSolution
		Debug|ARM = Debug|ARM
		Debug|x64 = Debug|x64
		Debug|x86 = Debug|x86
		Release|ARM = Release|ARM
		Release|x64 = Release|x64
		Release|x86 = Release|x86
	EndGlobalSection
	GlobalSection(ProjectConfigurationPlatforms) = postSolution
		{0C32D479-46D5-46C3-9AA9-0A8FF8320516}.Debug|ARM.ActiveCfg = Debug|ARM
		{0C32D479-46D5-46C3-9AA9-0A8FF8320516}.Debug|ARM.Build.0 = Debug|ARM
		{0C32D479-46D5-46C3-9AA9-0A8FF8320516}.Debug|x64.ActiveCfg = Debug|x64
		{0C32D479-46D5-46C3-9AA9-0A8FF8320516}.Debug|x64.Build.0 = Debug|x64
		{0C32D479-46D5-46C3-9AA9-0A8FF8320516}.Debug|x86.ActiveCfg = Debug|Win32
		{0C32D479-46D5-46C3-9AA9-0A8FF8320516}.Debug|x86.Build.0 = Debug|Win32
		{0C32D479-46D5-46C3-9AA9-0A8FF8320516}.Release|ARM.ActiveCfg = Release|ARM
		{0C32D479-46D5-46C3-9AA9-0A8FF8320516}.Release|ARM.Build.0 = Release|ARM
		{0C32D479-46D5-46C3-9AA9-0A8FF8320516}.Release|x64.ActiveCfg = Release|x64
		{0C32D479-46D5-46C3-9AA9-0A8FF8320516}.Release|x64.Build.0 = Release|x64
		{0C32D479-46D5-46C3-9AA9-0A8FF8320516}.Release|x86.ActiveCfg = Release|Win32
		{0C32D479-46D5-46C3-9AA9-0A8FF8320516}.Release|x86.Build.0 = Release|Win32
		{4B3BA10A-941F-4E08-8A50-8A7FCB822BB8}.Debug|ARM.ActiveCfg = Debug|ARM
		{4B3BA10A-941F-4E08-8A50-8A7FCB822BB8}.Debug|ARM.Build.0 = Debug|ARM
		{4B3BA10A-941F-4E08-8A50-8A7FCB822BB8}.Debug|x64.ActiveCfg = Debug|x64
		{4B3BA10A-941F-4E08-8A50-8A7FCB822BB8}.Debug|x64.Build.0 = Debug|x64
		{4B3BA10A-941F-4E08-8A50-8A7FCB822BB8}.Debug|x86.ActiveCfg = Debug|Win32
		{4B3BA10A-941F-4E08-8A50-8A7FCB822BB8}.Debug|x86.Build.0 = Debug|Win32
		{4B3BA10A-941F-4E08-8A50-8A7FCB822BB8}.Release|ARM.ActiveCfg = Release|ARM
		{4B3BA10A-941F-4E08-8A50-8A7FCB822BB8}.Release|ARM.Build.0 = Release|ARM
		{4B3BA10A-941F-4E08-8A50-8A7FCB822BB8}.Release|x64.ActiveCfg = Release|x64
		{4B3BA10A-941F-4E08-8A50-8A7FCB822BB8}.Release|x64.Build.0 = Release|x64
		{4B3BA10A-941F-4E08-8A50-8A7FCB822BB8}.Release|x86.ActiveCfg = Release|Win32
		{4B3BA10A-941F-4E08-8A50-8A7FCB822BB8}.Release|x86.Build.0 = Release|Win32
		{07C2895D-720C-487D-B7B4-12C293EA533F}.Debug|ARM.ActiveCfg = Debug|ARM
		{07C2895D-720C-487D-B7B4-12C293EA533F}.Debug|ARM.Build.0 = Debug|ARM
		{07C2895D-720C-487D-B7B4-12C293EA533F}.Debug|x64.ActiveCfg = Debug|x64
		{07C2895D-720C-487D-B7B4-12C293EA533F}.Debug|x64.Build.0 = Debug|x64
		{07C2895D-720C-487D-B7B4-12C293EA533F}.Debug|x86.ActiveCfg = Debug|Win32
		{07C2895D-720C-487D-B7B4-12C293EA533F}.Debug|x86.Build.0 = Debug|Win32
		{07C2895D-720C-487D-B7B4-12C293EA533F}.Release|ARM.ActiveCfg = Release|ARM
		{07C2895D-720C-487D-B7B4-12C293EA533F}.Release|ARM.Build.0 = Release|ARM
		{07C2895D-720C-487D-B7B4-12C293EA533F}.Release|x64.ActiveCfg = Release|x64
		{07C2895D-720C-487D-B7B4-12C293EA533F}.Release|x64.Build.0 = Release|x64
		{07C2895D-720C-487D-B7B4-12C293EA533F}.Release|x86.ActiveCfg = Release|Win32
		{07C2895D-720C-487D-B7B4-12C293EA533F}.Release|x86.Build.0 = Release|Win32
		{187D3E60-961A-41EE-BC18-C510A431D22E}.Debug|ARM.ActiveCfg = Debug|ARM
		{187D3E60-961A-41EE-BC18-C510A431D22E}.Debug|ARM.Build.0 = Debug|ARM
		{187D3E60-961A-41EE-BC18-C510A431D22E}.Debug|ARM.Deploy.0 = Debug|ARM
		{187D3E60-961A-41EE-BC18-C510A431D22E}.Debug|x64.ActiveCfg = Debug|x64
		{187D3E60-961A-41EE-BC18-C510A431D22E}.Debug|x64.Build.0 = Debug|x64
		{187D3E60-961A-41EE-BC18-C510A431D22E}.Debug|x64.Deploy.0 = Debug|x64
		{187D3E60-961A-41EE-BC18-C510A431D22E}.Debug|x86.ActiveCfg = Debug|Win32
		{187D3E60-961A-41EE-BC18-C510A431D22E}.Debug|x86.Build.0 = Debug|Win32
		{187D3E60-961A-41EE-BC18-C510A431D22E}.Debug|x86.Deploy.0 = Debug|Win32
		{187D3E60-961A-41EE-BC18-C510A431D22E}.Release|ARM.ActiveCfg = Release|ARM
		{187D3E60-961A-41EE-BC18-C510A431D22E}.Release|ARM.Build.0 = Release|ARM
		{187D3E60-961A-41EE-BC18-C510A431D22E}.Release|ARM.Deploy.0 = Release|ARM
		{187D3E60-961A-41EE-BC18-C510A431D22E}.Release|x64.ActiveCfg = Release|x64
		{187D3E60-961A-41EE-BC18-C510A431D22E}.Release|x64.Build.0 = Release|x64
		{187D3E60-961A-41EE-BC18-C510A431D22E}.Release|x64.Deploy.0 = Release|x64
		{187D3E60-961A-41EE-BC18-C510A431D22E}.Release|x86.ActiveCfg = Release|Win32
		{187D3E60-961A-41EE-BC18-C510A431D22E}.Release|x86.Build.0 = Release|Win32
		{187D3E60-961A-41EE-BC18-C510A431D22E}.Release|x86.Deploy.0 = Release|Win32
		{114616F0-E33C-43E6-8790-DFECF312B0FC}.Debug|ARM.ActiveCfg = Debug|ARM
		{114616F0-E33C-43E6-8790-DFECF312B0FC}.Debug|ARM.Build.0 = Debug|ARM
		{114616F0-E33C-43E6-8790-DFECF312B0FC}.Debug|x64.ActiveCfg = Debug|x64
		{114616F0-E33C-43E6-8790-DFECF312B0FC}.Debug|x64.Build.0 = Debug|x64
		{114616F0-E33C-43E6-8790-DFECF312B0FC}.Debug|x86.ActiveCfg = Debug|Win32
		{114616F0-E33C-43E6-8790-DFECF312B0FC}.Debug|x86.Build.0 = Debug|Win32
		{114616F0-E33C-43E6-8790-DFECF312B0FC}.Release|ARM.ActiveCfg = Release|ARM
		{114616F0-E33C-43E6-8790-DFECF312B0FC}.Release|ARM.Build.0 = Release|ARM
		{114616F0-E33C-43E6-8790-DFECF312B0FC}.Release|x64.ActiveCfg = Release|x64
		{114616F0-E33C-43E6-8790-DFECF312B0FC}.Release|x64.Build.0 = Release|x64
		{114616F0-E33C-43E6-8790-DFECF312B0FC}.Release|x86.ActiveCfg = Release|Win32
		{114616F0-E33C-43E6-8790-DFECF312B0FC}.Release|x86.Build.0 = Release|Win32
		{76C21250-C4C0-46D7-8035-AACDF0F84CF3}.Debug|ARM.ActiveCfg = Debug|ARM
		{76C21250-C4C0-46D7-8035-AACDF0F84CF3}.Debug|ARM.Build.0 = Debug|ARM
		{76C21250-C4C0-46D7-8035-AACDF0F84CF3}.Debug|x64.ActiveCfg = Debug|x64
		{76C21250-C4C0-46D7-8035-AACDF0F84CF3}.Debug|x64.Build.0 = Debug|x64
		{76C21250-C4C0-46D7-8035-AACDF0F84CF3}.Debug|x86.ActiveCfg = Debug|Win32
		{76C21250-C4C0-46D7-8035-AACDF0F84CF3}.Debug|x86.Build.0 = Debug|Win32
		{76C21250-C4C0-46D7-8035-AACDF0F84CF3}.Release|ARM.ActiveCfg = Release|ARM
		{76C21250-C4C0-46D7-8035-AACDF0F84CF3}.Release|ARM.Build.0 = Release|ARM
		{76C21250-C4C0-46D7-8035-AACDF0F84CF3}.Release|x64.ActiveCfg = Release|x64
		{76C21250-C4C0-46D7-8035-AACDF0F84CF3}.Release|x64.Build.0 = Release|x64
		{76C21250-C4C0-46D7-8035-AACDF0F84CF3}.Release|x86.ActiveCfg = Release|Win32
		{76C21250-C4C0-46D7-8035-AACDF0F84CF3}.Release|x86.Build.0 = Release|Win32
	EndGlobalSection
	GlobalSection(SolutionProperties) = preSolution
		HideSolutionNode = FALSE
	EndGlobalSection
	GlobalSection(NestedProjects) = preSolution
		{0C32D479-46D5-46C3-9AA9-0A8FF8320516} = {B2F1FF1B-005C-490E-999E-17BD4B720B5C}
		{4B3BA10A-941F-4E08-8A50-8A7FCB822BB8} = {B2F1FF1B-005C-490E-999E-17BD4B720B5C}
		{114616F0-E33C-43E6-8790-DFECF312B0FC} = {B2F1FF1B-005C-490E-999E-17BD4B720B5C}
		{76C21250-C4C0-46D7-8035-AACDF0F84CF3} = {B2F1FF1B-005C-490E-999E-17BD4B720B5C}
	EndGlobalSection
EndGlobal
